
Microsoft Visual Studio Solution File, Format Version 12.00
# Visual Studio 15
VisualStudioVersion = 15.0.27004.2006
MinimumVisualStudioVersion = 10.0.40219.1
Project("{FAE04EC0-301F-11D3-BF4B-00C04F79EFBC}") = "WordUnscrambler", "WordUnscrambler\WordUnscrambler.csproj", "{F83F3E4E-FB4E-4B16-BB16-1273E39022CD}"
EndProject
Global
	GlobalSection(SolutionConfigurationPlatforms) = preSolution
		Debug|Any CPU = Debug|Any CPU
		Release|Any CPU = Release|Any CPU
	EndGlobalSection
	GlobalSection(ProjectConfigurationPlatforms) = postSolution
		{F83F3E4E-FB4E-4B16-BB16-1273E39022CD}.Debug|Any CPU.ActiveCfg = Debug|Any CPU
		{F83F3E4E-FB4E-4B16-BB16-1273E39022CD}.Debug|Any CPU.Build.0 = Debug|Any CPU
		{F83F3E4E-FB4E-4B16-BB16-1273E39022CD}.Release|Any CPU.ActiveCfg = Release|Any CPU
		{F83F3E4E-FB4E-4B16-BB16-1273E39022CD}.Release|Any CPU.Build.0 = Release|Any CPU
	EndGlobalSection
	GlobalSection(SolutionProperties) = preSolution
		HideSolutionNode = FALSE
	EndGlobalSection
	GlobalSection(ExtensibilityGlobals) = postSolution
		SolutionGuid = {E64175C7-0AE4-4763-847F-9F033A17264F}
	EndGlobalSection
EndGlobal
